
Microsoft Visual Studio Solution File, Format Version 12.00
# Visual Studio 15
VisualStudioVersion = 15.0.28010.2016
MinimumVisualStudioVersion = 10.0.40219.1
Project("{FAE04EC0-301F-11D3-BF4B-00C04F79EFBC}") = "WarriorWars", "WarriorWars\WarriorWars.csproj", "{DB3DA591-F227-4A30-A988-A012368E500E}"
EndProject
Global
	GlobalSection(SolutionConfigurationPlatforms) = preSolution
		Debug|Any CPU = Debug|Any CPU
		Release|Any CPU = Release|Any CPU
	EndGlobalSection
	GlobalSection(ProjectConfigurationPlatforms) = postSolution
		{DB3DA591-F227-4A30-A988-A012368E500E}.Debug|Any CPU.ActiveCfg = Debug|Any CPU
		{DB3DA591-F227-4A30-A988-A012368E500E}.Debug|Any CPU.Build.0 = Debug|Any CPU
		{DB3DA591-F227-4A30-A988-A012368E500E}.Release|Any CPU.ActiveCfg = Release|Any CPU
		{DB3DA591-F227-4A30-A988-A012368E500E}.Release|Any CPU.Build.0 = Release|Any CPU
	EndGlobalSection
	GlobalSection(SolutionProperties) = preSolution
		HideSolutionNode = FALSE
	EndGlobalSection
	GlobalSection(ExtensibilityGlobals) = postSolution
		SolutionGuid = {2624F46B-9EC8-493B-982E-A1E6DDDD51A7}
	EndGlobalSection
EndGlobal
